
Microsoft Visual Studio Solution File, Format Version 12.00
# Visual Studio Version 16
VisualStudioVersion = 16.0.29215.179
MinimumVisualStudioVersion = 10.0.40219.1
Project("{FAE04EC0-301F-11D3-BF4B-00C04F79EFBC}") = "FizzBuzzTest", "FizzBuzzTest\FizzBuzzTest.csproj", "{BB211D9D-1175-425F-A71C-768C89527B6F}"
EndProject
Project("{FAE04EC0-301F-11D3-BF4B-00C04F79EFBC}") = "FizzBuzz", "FizzBuzz\FizzBuzz.csproj", "{3CC1BABD-C518-4829-93D8-70E6125DAE15}"
EndProject
Global
	GlobalSection(SolutionConfigurationPlatforms) = preSolution
		Debug|Any CPU = Debug|Any CPU
		Release|Any CPU = Release|Any CPU
	EndGlobalSection
	GlobalSection(ProjectConfigurationPlatforms) = postSolution
		{BB211D9D-1175-425F-A71C-768C89527B6F}.Debug|Any CPU.ActiveCfg = Debug|Any CPU
		{BB211D9D-1175-425F-A71C-768C89527B6F}.Debug|Any CPU.Build.0 = Debug|Any CPU
		{BB211D9D-1175-425F-A71C-768C89527B6F}.Release|Any CPU.ActiveCfg = Release|Any CPU
		{BB211D9D-1175-425F-A71C-768C89527B6F}.Release|Any CPU.Build.0 = Release|Any CPU
		{3CC1BABD-C518-4829-93D8-70E6125DAE15}.Debug|Any CPU.ActiveCfg = Debug|Any CPU
		{3CC1BABD-C518-4829-93D8-70E6125DAE15}.Debug|Any CPU.Build.0 = Debug|Any CPU
		{3CC1BABD-C518-4829-93D8-70E6125DAE15}.Release|Any CPU.ActiveCfg = Release|Any CPU
		{3CC1BABD-C518-4829-93D8-70E6125DAE15}.Release|Any CPU.Build.0 = Release|Any CPU
	EndGlobalSection
	GlobalSection(SolutionProperties) = preSolution
		HideSolutionNode = FALSE
	EndGlobalSection
	GlobalSection(ExtensibilityGlobals) = postSolution
		SolutionGuid = {63EAB786-4BD8-4ACF-9D38-61F26971DBA6}
	EndGlobalSection
EndGlobal
